
Microsoft Visual Studio Solution File, Format Version 12.00
Project("{FAE04EC0-301F-11D3-BF4B-00C04F79EFBC}") = "Deckster.Server", "Deckster.Server\Deckster.Server.csproj", "{A0440FED-663B-48ED-9445-F140BC3DA7D0}"
EndProject
Project("{2150E333-8FDC-42A3-9474-1A3956D46DE8}") = "10. Server", "10. Server", "{441CE6E7-E26D-450F-9457-ECCF61C351D1}"
EndProject
Project("{2150E333-8FDC-42A3-9474-1A3956D46DE8}") = "20. Libs", "20. Libs", "{C1DE384B-75BF-4575-8818-ECC82CE915EC}"
EndProject
Project("{2150E333-8FDC-42A3-9474-1A3956D46DE8}") = "90. Tests", "90. Tests", "{D6EC03D1-222F-424A-B650-8D01594D17C4}"
EndProject
Project("{FAE04EC0-301F-11D3-BF4B-00C04F79EFBC}") = "Deckster.UnitTests", "Deckster.UnitTests\Deckster.UnitTests.csproj", "{1591B7CC-5F8B-44C8-A62A-DB94CBC00D14}"
EndProject
Project("{FAE04EC0-301F-11D3-BF4B-00C04F79EFBC}") = "Deckster.CrazyEights.SampleClient", "Deckster.CrazyEights.SampleClient\Deckster.CrazyEights.SampleClient.csproj", "{5F2C1117-53A6-4E48-80C2-D7119821F341}"
EndProject
Project("{FAE04EC0-301F-11D3-BF4B-00C04F79EFBC}") = "Deckster.Client", "Deckster.Client\Deckster.Client.csproj", "{8CC7899B-305D-40A4-9054-A66C816DB5CA}"
EndProject
Project("{2150E333-8FDC-42A3-9474-1A3956D46DE8}") = "15. Sample clients", "15. Sample clients", "{E66EE07A-1B20-4842-A77D-5A71F8FD3E0B}"
EndProject
Project("{FAE04EC0-301F-11D3-BF4B-00C04F79EFBC}") = "Deckster.Uno.SampleClient", "Deckster.Uno.SampleClient\Deckster.Uno.SampleClient.csproj", "{56D8888D-B3FA-4078-B811-1376D6861FD6}"
EndProject
Project("{FAE04EC0-301F-11D3-BF4B-00C04F79EFBC}") = "Deckster.ChatRoom.SampleClient", "Deckster.ChatRoom.SampleClient\Deckster.ChatRoom.SampleClient.csproj", "{627F9AEF-5322-4FF3-9C39-08F3D89C75F1}"
EndProject
Project("{FAE04EC0-301F-11D3-BF4B-00C04F79EFBC}") = "Deckster.Generated.Client", "..\generated\Deckster.Generated.Client.csproj", "{55779603-194F-44FA-AA8E-F93345A52711}"
EndProject
Global
	GlobalSection(SolutionConfigurationPlatforms) = preSolution
		Debug|Any CPU = Debug|Any CPU
		Release|Any CPU = Release|Any CPU
	EndGlobalSection
	GlobalSection(ProjectConfigurationPlatforms) = postSolution
		{A0440FED-663B-48ED-9445-F140BC3DA7D0}.Debug|Any CPU.ActiveCfg = Debug|Any CPU
		{A0440FED-663B-48ED-9445-F140BC3DA7D0}.Debug|Any CPU.Build.0 = Debug|Any CPU
		{A0440FED-663B-48ED-9445-F140BC3DA7D0}.Release|Any CPU.ActiveCfg = Release|Any CPU
		{A0440FED-663B-48ED-9445-F140BC3DA7D0}.Release|Any CPU.Build.0 = Release|Any CPU
		{1591B7CC-5F8B-44C8-A62A-DB94CBC00D14}.Debug|Any CPU.ActiveCfg = Debug|Any CPU
		{1591B7CC-5F8B-44C8-A62A-DB94CBC00D14}.Debug|Any CPU.Build.0 = Debug|Any CPU
		{1591B7CC-5F8B-44C8-A62A-DB94CBC00D14}.Release|Any CPU.ActiveCfg = Release|Any CPU
		{1591B7CC-5F8B-44C8-A62A-DB94CBC00D14}.Release|Any CPU.Build.0 = Release|Any CPU
		{5F2C1117-53A6-4E48-80C2-D7119821F341}.Debug|Any CPU.ActiveCfg = Debug|Any CPU
		{5F2C1117-53A6-4E48-80C2-D7119821F341}.Debug|Any CPU.Build.0 = Debug|Any CPU
		{5F2C1117-53A6-4E48-80C2-D7119821F341}.Release|Any CPU.ActiveCfg = Release|Any CPU
		{5F2C1117-53A6-4E48-80C2-D7119821F341}.Release|Any CPU.Build.0 = Release|Any CPU
		{8CC7899B-305D-40A4-9054-A66C816DB5CA}.Debug|Any CPU.ActiveCfg = Debug|Any CPU
		{8CC7899B-305D-40A4-9054-A66C816DB5CA}.Debug|Any CPU.Build.0 = Debug|Any CPU
		{8CC7899B-305D-40A4-9054-A66C816DB5CA}.Release|Any CPU.ActiveCfg = Release|Any CPU
		{8CC7899B-305D-40A4-9054-A66C816DB5CA}.Release|Any CPU.Build.0 = Release|Any CPU
		{56D8888D-B3FA-4078-B811-1376D6861FD6}.Debug|Any CPU.ActiveCfg = Debug|Any CPU
		{56D8888D-B3FA-4078-B811-1376D6861FD6}.Debug|Any CPU.Build.0 = Debug|Any CPU
		{56D8888D-B3FA-4078-B811-1376D6861FD6}.Release|Any CPU.ActiveCfg = Release|Any CPU
		{56D8888D-B3FA-4078-B811-1376D6861FD6}.Release|Any CPU.Build.0 = Release|Any CPU
		{627F9AEF-5322-4FF3-9C39-08F3D89C75F1}.Debug|Any CPU.ActiveCfg = Debug|Any CPU
		{627F9AEF-5322-4FF3-9C39-08F3D89C75F1}.Debug|Any CPU.Build.0 = Debug|Any CPU
		{627F9AEF-5322-4FF3-9C39-08F3D89C75F1}.Release|Any CPU.ActiveCfg = Release|Any CPU
		{627F9AEF-5322-4FF3-9C39-08F3D89C75F1}.Release|Any CPU.Build.0 = Release|Any CPU
		{55779603-194F-44FA-AA8E-F93345A52711}.Debug|Any CPU.ActiveCfg = Debug|Any CPU
		{55779603-194F-44FA-AA8E-F93345A52711}.Debug|Any CPU.Build.0 = Debug|Any CPU
		{55779603-194F-44FA-AA8E-F93345A52711}.Release|Any CPU.ActiveCfg = Release|Any CPU
		{55779603-194F-44FA-AA8E-F93345A52711}.Release|Any CPU.Build.0 = Release|Any CPU
	EndGlobalSection
	GlobalSection(NestedProjects) = preSolution
		{A0440FED-663B-48ED-9445-F140BC3DA7D0} = {441CE6E7-E26D-450F-9457-ECCF61C351D1}
		{1591B7CC-5F8B-44C8-A62A-DB94CBC00D14} = {D6EC03D1-222F-424A-B650-8D01594D17C4}
		{8CC7899B-305D-40A4-9054-A66C816DB5CA} = {C1DE384B-75BF-4575-8818-ECC82CE915EC}
		{5F2C1117-53A6-4E48-80C2-D7119821F341} = {E66EE07A-1B20-4842-A77D-5A71F8FD3E0B}
		{56D8888D-B3FA-4078-B811-1376D6861FD6} = {E66EE07A-1B20-4842-A77D-5A71F8FD3E0B}
		{627F9AEF-5322-4FF3-9C39-08F3D89C75F1} = {E66EE07A-1B20-4842-A77D-5A71F8FD3E0B}
		{55779603-194F-44FA-AA8E-F93345A52711} = {C1DE384B-75BF-4575-8818-ECC82CE915EC}
	EndGlobalSection
EndGlobal
